# THIS IS AN AUTOGENERATED FILE. DO NOT EDIT THIS FILE DIRECTLY.
# yarn lockfile v1


"@types/node@*":
  version "18.7.14"
  resolved "https://registry.yarnpkg.com/@types/node/-/node-18.7.14.tgz#0fe081752a3333392d00586d815485a17c2cf3c9"
  integrity sha512-6bbDaETVi8oyIARulOE9qF1/Qdi/23z6emrUh0fNJRUmjznqrixD4MpGDdgOFk5Xb0m2H6Xu42JGdvAxaJR/wA==

"@types/papaparse@^5.3.5":
  version "5.3.5"
  resolved "https://registry.yarnpkg.com/@types/papaparse/-/papaparse-5.3.5.tgz#e5ad94b1fe98e2a8ea0b03284b83d2cb252bbf39"
  integrity sha512-R1icl/hrJPFRpuYj9PVG03WBAlghJj4JW9Py5QdR8FFSxaLmZRyu7xYDCCBZIJNfUv3MYaeBbhBoX958mUTAaw==
  dependencies:
    "@types/node" "*"

papaparse@^5.3.2:
  version "5.3.2"
  resolved "https://registry.yarnpkg.com/papaparse/-/papaparse-5.3.2.tgz#d1abed498a0ee299f103130a6109720404fbd467"
  integrity sha512-6dNZu0Ki+gyV0eBsFKJhYr+MdQYAzFUGlBMNj3GNrmHxmz1lfRa24CjFObPXtjcetlOv5Ad299MhIK0znp3afw==
